// !$*UTF8*$!
{
	archiveVersion = 1;
	classes = {
	};
	objectVersion = 56;
	objects = {

/* Begin PBXBuildFile section */
		CE8034F22EE6D240002E2F28 /* IceCreamApp.swift in Sources */ = {isa = PBXBuildFile; fileRef = CE8034F12EE6D240002E2F28 /* IceCreamApp.swift */; };
		CE8034F42EE6D240002E2F28 /* ContentView.swift in Sources */ = {isa = PBXBuildFile; fileRef = CE8034F32EE6D240002E2F28 /* ContentView.swift */; };
		CE8034F62EE6D241002E2F28 /* Assets.xcassets in Resources */ = {isa = PBXBuildFile; fileRef = CE8034F52EE6D241002E2F28 /* Assets.xcassets */; };
		CE8034F92EE6D241002E2F28 /* Preview Assets.xcassets in Resources */ = {isa = PBXBuildFile; fileRef = CE8034F82EE6D241002E2F28 /* Preview Assets.xcassets */; };
		CE8035032EE6D241002E2F28 /* IceCreamTests.swift in Sources */ = {isa = PBXBuildFile; fileRef = CE8035022EE6D241002E2F28 /* IceCreamTests.swift */; };
		CE80350D2EE6D241002E2F28 /* IceCreamUITests.swift in Sources */ = {isa = PBXBuildFile; fileRef = CE80350C2EE6D241002E2F28 /* IceCreamUITests.swift */; };
		CE80350F2EE6D241002E2F28 /* IceCreamUITestsLaunchTests.swift in Sources */ = {isa = PBXBuildFile; fileRef = CE80350E2EE6D241002E2F28 /* IceCreamUITestsLaunchTests.swift */; };
		CE8035222EE6D764002E2F28 /* icecreamcomp.swift in Sources */ = {isa = PBXBuildFile; fileRef = CE8035212EE6D764002E2F28 /* icecreamcomp.swift */; };
		CE8035262EE6DA05002E2F28 /* icecreamcompdummyimpl.swift in Sources */ = {isa = PBXBuildFile; fileRef = CE8035252EE6DA05002E2F28 /* icecreamcompdummyimpl.swift */; };
		CE80352A2EE6DDBC002E2F28 /* injector.swift in Sources */ = {isa = PBXBuildFile; fileRef = CE8035292EE6DDBC002E2F28 /* injector.swift */; };
		CE80352F2EE6E2DD002E2F28 /* flavourview.swift in Sources */ = {isa = PBXBuildFile; fileRef = CE80352E2EE6E2DD002E2F28 /* flavourview.swift */; };
		CEB099852EEFF92C00ADD428 /* flavourstockservice.swift in Sources */ = {isa = PBXBuildFile; fileRef = CEB099842EEFF92C00ADD428 /* flavourstockservice.swift */; };
		CEB099872EEFF94300ADD428 /* icecreamcomprepository.swift in Sources */ = {isa = PBXBuildFile; fileRef = CEB099862EEFF94300ADD428 /* icecreamcomprepository.swift */; };
		CEB099892EF009A000ADD428 /* stockmailservice.swift in Sources */ = {isa = PBXBuildFile; fileRef = CEB099882EF009A000ADD428 /* stockmailservice.swift */; };
		CEB0998F2EF00C6300ADD428 /* sendmail.swift in Sources */ = {isa = PBXBuildFile; fileRef = CEB0998E2EF00C6300ADD428 /* sendmail.swift */; };
		CEB099912EF00CA500ADD428 /* sendmailrepository.swift in Sources */ = {isa = PBXBuildFile; fileRef = CEB099902EF00CA500ADD428 /* sendmailrepository.swift */; };
		CEB099932EF00D0E00ADD428 /* sendmailrepositorydummyimpl.swift in Sources */ = {isa = PBXBuildFile; fileRef = CEB099922EF00D0E00ADD428 /* sendmailrepositorydummyimpl.swift */; };
		CEB099952EF011EE00ADD428 /* sendmailview.swift in Sources */ = {isa = PBXBuildFile; fileRef = CEB099942EF011EE00ADD428 /* sendmailview.swift */; };
		CEE445EA2EEC7DC700D60E11 /* icecreamservice.swift in Sources */ = {isa = PBXBuildFile; fileRef = CEE445E92EEC7DC700D60E11 /* icecreamservice.swift */; };
		CEE445EC2EEC7E1200D60E11 /* icecreamview.swift in Sources */ = {isa = PBXBuildFile; fileRef = CEE445EB2EEC7E1200D60E11 /* icecreamview.swift */; };
		CEE445EE2EEC8FC500D60E11 /* flavourstockview.swift in Sources */ = {isa = PBXBuildFile; fileRef = CEE445ED2EEC8FC500D60E11 /* flavourstockview.swift */; };
/* End PBXBuildFile section */

/* Begin PBXContainerItemProxy section */
		CE8034FF2EE6D241002E2F28 /* PBXContainerItemProxy */ = {
			isa = PBXContainerItemProxy;
			containerPortal = CE8034E62EE6D240002E2F28 /* Project object */;
			proxyType = 1;
			remoteGlobalIDString = CE8034ED2EE6D240002E2F28;
			remoteInfo = IceCream;
		};
		CE8035092EE6D241002E2F28 /* PBXContainerItemProxy */ = {
			isa = PBXContainerItemProxy;
			containerPortal = CE8034E62EE6D240002E2F28 /* Project object */;
			proxyType = 1;
			remoteGlobalIDString = CE8034ED2EE6D240002E2F28;
			remoteInfo = IceCream;
		};
/* End PBXContainerItemProxy section */

/* Begin PBXFileReference section */
		CE8034EE2EE6D240002E2F28 /* IceCream.app */ = {isa = PBXFileReference; explicitFileType = wrapper.application; includeInIndex = 0; path = IceCream.app; sourceTree = BUILT_PRODUCTS_DIR; };
		CE8034F12EE6D240002E2F28 /* IceCreamApp.swift */ = {isa = PBXFileReference; lastKnownFileType = sourcecode.swift; path = IceCreamApp.swift; sourceTree = "<group>"; };
		CE8034F32EE6D240002E2F28 /* ContentView.swift */ = {isa = PBXFileReference; lastKnownFileType = sourcecode.swift; path = ContentView.swift; sourceTree = "<group>"; };
		CE8034F52EE6D241002E2F28 /* Assets.xcassets */ = {isa = PBXFileReference; lastKnownFileType = folder.assetcatalog; path = Assets.xcassets; sourceTree = "<group>"; };
		CE8034F82EE6D241002E2F28 /* Preview Assets.xcassets */ = {isa = PBXFileReference; lastKnownFileType = folder.assetcatalog; path = "Preview Assets.xcassets"; sourceTree = "<group>"; };
		CE8034FE2EE6D241002E2F28 /* IceCreamTests.xctest */ = {isa = PBXFileReference; explicitFileType = wrapper.cfbundle; includeInIndex = 0; path = IceCreamTests.xctest; sourceTree = BUILT_PRODUCTS_DIR; };
		CE8035022EE6D241002E2F28 /* IceCreamTests.swift */ = {isa = PBXFileReference; lastKnownFileType = sourcecode.swift; path = IceCreamTests.swift; sourceTree = "<group>"; };
		CE8035082EE6D241002E2F28 /* IceCreamUITests.xctest */ = {isa = PBXFileReference; explicitFileType = wrapper.cfbundle; includeInIndex = 0; path = IceCreamUITests.xctest; sourceTree = BUILT_PRODUCTS_DIR; };
		CE80350C2EE6D241002E2F28 /* IceCreamUITests.swift */ = {isa = PBXFileReference; lastKnownFileType = sourcecode.swift; path = IceCreamUITests.swift; sourceTree = "<group>"; };
		CE80350E2EE6D241002E2F28 /* IceCreamUITestsLaunchTests.swift */ = {isa = PBXFileReference; lastKnownFileType = sourcecode.swift; path = IceCreamUITestsLaunchTests.swift; sourceTree = "<group>"; };
		CE8035212EE6D764002E2F28 /* icecreamcomp.swift */ = {isa = PBXFileReference; lastKnownFileType = sourcecode.swift; path = icecreamcomp.swift; sourceTree = "<group>"; };
		CE8035252EE6DA05002E2F28 /* icecreamcompdummyimpl.swift */ = {isa = PBXFileReference; lastKnownFileType = sourcecode.swift; path = icecreamcompdummyimpl.swift; sourceTree = "<group>"; };
		CE8035292EE6DDBC002E2F28 /* injector.swift */ = {isa = PBXFileReference; lastKnownFileType = sourcecode.swift; path = injector.swift; sourceTree = "<group>"; };
		CE80352E2EE6E2DD002E2F28 /* flavourview.swift */ = {isa = PBXFileReference; lastKnownFileType = sourcecode.swift; path = flavourview.swift; sourceTree = "<group>"; };
		CEB099842EEFF92C00ADD428 /* flavourstockservice.swift */ = {isa = PBXFileReference; fileEncoding = 4; lastKnownFileType = sourcecode.swift; path = flavourstockservice.swift; sourceTree = "<group>"; };
		CEB099862EEFF94300ADD428 /* icecreamcomprepository.swift */ = {isa = PBXFileReference; fileEncoding = 4; lastKnownFileType = sourcecode.swift; path = icecreamcomprepository.swift; sourceTree = "<group>"; };
		CEB099882EF009A000ADD428 /* stockmailservice.swift */ = {isa = PBXFileReference; lastKnownFileType = sourcecode.swift; path = stockmailservice.swift; sourceTree = "<group>"; };
		CEB0998E2EF00C6300ADD428 /* sendmail.swift */ = {isa = PBXFileReference; fileEncoding = 4; lastKnownFileType = sourcecode.swift; path = sendmail.swift; sourceTree = "<group>"; };
		CEB099902EF00CA500ADD428 /* sendmailrepository.swift */ = {isa = PBXFileReference; lastKnownFileType = sourcecode.swift; path = sendmailrepository.swift; sourceTree = "<group>"; };
		CEB099922EF00D0E00ADD428 /* sendmailrepositorydummyimpl.swift */ = {isa = PBXFileReference; lastKnownFileType = sourcecode.swift; path = sendmailrepositorydummyimpl.swift; sourceTree = "<group>"; };
		CEB099942EF011EE00ADD428 /* sendmailview.swift */ = {isa = PBXFileReference; lastKnownFileType = sourcecode.swift; path = sendmailview.swift; sourceTree = "<group>"; };
		CEE445E92EEC7DC700D60E11 /* icecreamservice.swift */ = {isa = PBXFileReference; lastKnownFileType = sourcecode.swift; path = icecreamservice.swift; sourceTree = "<group>"; };
		CEE445EB2EEC7E1200D60E11 /* icecreamview.swift */ = {isa = PBXFileReference; lastKnownFileType = sourcecode.swift; path = icecreamview.swift; sourceTree = "<group>"; };
		CEE445ED2EEC8FC500D60E11 /* flavourstockview.swift */ = {isa = PBXFileReference; lastKnownFileType = sourcecode.swift; path = flavourstockview.swift; sourceTree = "<group>"; };
/* End PBXFileReference section */

/* Begin PBXFrameworksBuildPhase section */
		CE8034EB2EE6D240002E2F28 /* Frameworks */ = {
			isa = PBXFrameworksBuildPhase;
			buildActionMask = 2147483647;
			files = (
			);
			runOnlyForDeploymentPostprocessing = 0;
		};
		CE8034FB2EE6D241002E2F28 /* Frameworks */ = {
			isa = PBXFrameworksBuildPhase;
			buildActionMask = 2147483647;
			files = (
			);
			runOnlyForDeploymentPostprocessing = 0;
		};
		CE8035052EE6D241002E2F28 /* Frameworks */ = {
			isa = PBXFrameworksBuildPhase;
			buildActionMask = 2147483647;
			files = (
			);
			runOnlyForDeploymentPostprocessing = 0;
		};
/* End PBXFrameworksBuildPhase section */

/* Begin PBXGroup section */
		CE8034E52EE6D240002E2F28 = {
			isa = PBXGroup;
			children = (
				CE8034F02EE6D240002E2F28 /* IceCream */,
				CE8035012EE6D241002E2F28 /* IceCreamTests */,
				CE80350B2EE6D241002E2F28 /* IceCreamUITests */,
				CE8034EF2EE6D240002E2F28 /* Products */,
			);
			sourceTree = "<group>";
		};
		CE8034EF2EE6D240002E2F28 /* Products */ = {
			isa = PBXGroup;
			children = (
				CE8034EE2EE6D240002E2F28 /* IceCream.app */,
				CE8034FE2EE6D241002E2F28 /* IceCreamTests.xctest */,
				CE8035082EE6D241002E2F28 /* IceCreamUITests.xctest */,
			);
			name = Products;
			sourceTree = "<group>";
		};
		CE8034F02EE6D240002E2F28 /* IceCream */ = {
			isa = PBXGroup;
			children = (
				CEB0998B2EF00AA500ADD428 /* service */,
				CE80352B2EE6DE8F002E2F28 /* view */,
				CE80351E2EE6D6C8002E2F28 /* repository */,
				CE80351B2EE6D3FC002E2F28 /* data */,
				CE8034F12EE6D240002E2F28 /* IceCreamApp.swift */,
				CE8034F32EE6D240002E2F28 /* ContentView.swift */,
				CE8034F52EE6D241002E2F28 /* Assets.xcassets */,
				CE8034F72EE6D241002E2F28 /* Preview Content */,
			);
			path = IceCream;
			sourceTree = "<group>";
		};
		CE8034F72EE6D241002E2F28 /* Preview Content */ = {
			isa = PBXGroup;
			children = (
				CE8034F82EE6D241002E2F28 /* Preview Assets.xcassets */,
			);
			path = "Preview Content";
			sourceTree = "<group>";
		};
		CE8035012EE6D241002E2F28 /* IceCreamTests */ = {
			isa = PBXGroup;
			children = (
				CE8035022EE6D241002E2F28 /* IceCreamTests.swift */,
			);
			path = IceCreamTests;
			sourceTree = "<group>";
		};
		CE80350B2EE6D241002E2F28 /* IceCreamUITests */ = {
			isa = PBXGroup;
			children = (
				CE80350C2EE6D241002E2F28 /* IceCreamUITests.swift */,
				CE80350E2EE6D241002E2F28 /* IceCreamUITestsLaunchTests.swift */,
			);
			path = IceCreamUITests;
			sourceTree = "<group>";
		};
		CE80351B2EE6D3FC002E2F28 /* data */ = {
			isa = PBXGroup;
			children = (
				CEB0998E2EF00C6300ADD428 /* sendmail.swift */,
				CE8035212EE6D764002E2F28 /* icecreamcomp.swift */,
			);
			path = data;
			sourceTree = "<group>";
		};
		CE80351E2EE6D6C8002E2F28 /* repository */ = {
			isa = PBXGroup;
			children = (
				CEB099862EEFF94300ADD428 /* icecreamcomprepository.swift */,
				CE8035252EE6DA05002E2F28 /* icecreamcompdummyimpl.swift */,
				CE8035292EE6DDBC002E2F28 /* injector.swift */,
				CEB099902EF00CA500ADD428 /* sendmailrepository.swift */,
				CEB099922EF00D0E00ADD428 /* sendmailrepositorydummyimpl.swift */,
			);
			path = repository;
			sourceTree = "<group>";
		};
		CE80352B2EE6DE8F002E2F28 /* view */ = {
			isa = PBXGroup;
			children = (
				CE80352E2EE6E2DD002E2F28 /* flavourview.swift */,
				CEE445EB2EEC7E1200D60E11 /* icecreamview.swift */,
				CEE445ED2EEC8FC500D60E11 /* flavourstockview.swift */,
				CEB099942EF011EE00ADD428 /* sendmailview.swift */,
			);
			path = view;
			sourceTree = "<group>";
		};
		CEB0998B2EF00AA500ADD428 /* service */ = {
			isa = PBXGroup;
			children = (
				CEB099882EF009A000ADD428 /* stockmailservice.swift */,
				CEB099842EEFF92C00ADD428 /* flavourstockservice.swift */,
				CEE445E92EEC7DC700D60E11 /* icecreamservice.swift */,
			);
			path = service;
			sourceTree = "<group>";
		};
/* End PBXGroup section */

/* Begin PBXNativeTarget section */
		CE8034ED2EE6D240002E2F28 /* IceCream */ = {
			isa = PBXNativeTarget;
			buildConfigurationList = CE8035122EE6D241002E2F28 /* Build configuration list for PBXNativeTarget "IceCream" */;
			buildPhases = (
				CE8034EA2EE6D240002E2F28 /* Sources */,
				CE8034EB2EE6D240002E2F28 /* Frameworks */,
				CE8034EC2EE6D240002E2F28 /* Resources */,
			);
			buildRules = (
			);
			dependencies = (
			);
			name = IceCream;
			productName = IceCream;
			productReference = CE8034EE2EE6D240002E2F28 /* IceCream.app */;
			productType = "com.apple.product-type.application";
		};
		CE8034FD2EE6D241002E2F28 /* IceCreamTests */ = {
			isa = PBXNativeTarget;
			buildConfigurationList = CE8035152EE6D241002E2F28 /* Build configuration list for PBXNativeTarget "IceCreamTests" */;
			buildPhases = (
				CE8034FA2EE6D241002E2F28 /* Sources */,
				CE8034FB2EE6D241002E2F28 /* Frameworks */,
				CE8034FC2EE6D241002E2F28 /* Resources */,
			);
			buildRules = (
			);
			dependencies = (
				CE8035002EE6D241002E2F28 /* PBXTargetDependency */,
			);
			name = IceCreamTests;
			productName = IceCreamTests;
			productReference = CE8034FE2EE6D241002E2F28 /* IceCreamTests.xctest */;
			productType = "com.apple.product-type.bundle.unit-test";
		};
		CE8035072EE6D241002E2F28 /* IceCreamUITests */ = {
			isa = PBXNativeTarget;
			buildConfigurationList = CE8035182EE6D241002E2F28 /* Build configuration list for PBXNativeTarget "IceCreamUITests" */;
			buildPhases = (
				CE8035042EE6D241002E2F28 /* Sources */,
				CE8035052EE6D241002E2F28 /* Frameworks */,
				CE8035062EE6D241002E2F28 /* Resources */,
			);
			buildRules = (
			);
			dependencies = (
				CE80350A2EE6D241002E2F28 /* PBXTargetDependency */,
			);
			name = IceCreamUITests;
			productName = IceCreamUITests;
			productReference = CE8035082EE6D241002E2F28 /* IceCreamUITests.xctest */;
			productType = "com.apple.product-type.bundle.ui-testing";
		};
/* End PBXNativeTarget section */

/* Begin PBXProject section */
		CE8034E62EE6D240002E2F28 /* Project object */ = {
			isa = PBXProject;
			attributes = {
				BuildIndependentTargetsInParallel = 1;
				LastSwiftUpdateCheck = 1540;
				LastUpgradeCheck = 1540;
				TargetAttributes = {
					CE8034ED2EE6D240002E2F28 = {
						CreatedOnToolsVersion = 15.4;
					};
					CE8034FD2EE6D241002E2F28 = {
						CreatedOnToolsVersion = 15.4;
						TestTargetID = CE8034ED2EE6D240002E2F28;
					};
					CE8035072EE6D241002E2F28 = {
						CreatedOnToolsVersion = 15.4;
						TestTargetID = CE8034ED2EE6D240002E2F28;
					};
				};
			};
			buildConfigurationList = CE8034E92EE6D240002E2F28 /* Build configuration list for PBXProject "IceCream" */;
			compatibilityVersion = "Xcode 14.0";
			developmentRegion = en;
			hasScannedForEncodings = 0;
			knownRegions = (
				en,
				Base,
			);
			mainGroup = CE8034E52EE6D240002E2F28;
			productRefGroup = CE8034EF2EE6D240002E2F28 /* Products */;
			projectDirPath = "";
			projectRoot = "";
			targets = (
				CE8034ED2EE6D240002E2F28 /* IceCream */,
				CE8034FD2EE6D241002E2F28 /* IceCreamTests */,
				CE8035072EE6D241002E2F28 /* IceCreamUITests */,
			);
		};
/* End PBXProject section */

/* Begin PBXResourcesBuildPhase section */
		CE8034EC2EE6D240002E2F28 /* Resources */ = {
			isa = PBXResourcesBuildPhase;
			buildActionMask = 2147483647;
			files = (
				CE8034F92EE6D241002E2F28 /* Preview Assets.xcassets in Resources */,
				CE8034F62EE6D241002E2F28 /* Assets.xcassets in Resources */,
			);
			runOnlyForDeploymentPostprocessing = 0;
		};
		CE8034FC2EE6D241002E2F28 /* Resources */ = {
			isa = PBXResourcesBuildPhase;
			buildActionMask = 2147483647;
			files = (
			);
			runOnlyForDeploymentPostprocessing = 0;
		};
		CE8035062EE6D241002E2F28 /* Resources */ = {
			isa = PBXResourcesBuildPhase;
			buildActionMask = 2147483647;
			files = (
			);
			runOnlyForDeploymentPostprocessing = 0;
		};
/* End PBXResourcesBuildPhase section */

/* Begin PBXSourcesBuildPhase section */
		CE8034EA2EE6D240002E2F28 /* Sources */ = {
			isa = PBXSourcesBuildPhase;
			buildActionMask = 2147483647;
			files = (
				CE80352F2EE6E2DD002E2F28 /* flavourview.swift in Sources */,
				CEE445EE2EEC8FC500D60E11 /* flavourstockview.swift in Sources */,
				CEB0998F2EF00C6300ADD428 /* sendmail.swift in Sources */,
				CE8035262EE6DA05002E2F28 /* icecreamcompdummyimpl.swift in Sources */,
				CEB099912EF00CA500ADD428 /* sendmailrepository.swift in Sources */,
				CEB099952EF011EE00ADD428 /* sendmailview.swift in Sources */,
				CEE445EA2EEC7DC700D60E11 /* icecreamservice.swift in Sources */,
				CE8035222EE6D764002E2F28 /* icecreamcomp.swift in Sources */,
				CEB099892EF009A000ADD428 /* stockmailservice.swift in Sources */,
				CEB099852EEFF92C00ADD428 /* flavourstockservice.swift in Sources */,
				CE8034F42EE6D240002E2F28 /* ContentView.swift in Sources */,
				CE8034F22EE6D240002E2F28 /* IceCreamApp.swift in Sources */,
				CEB099932EF00D0E00ADD428 /* sendmailrepositorydummyimpl.swift in Sources */,
				CEE445EC2EEC7E1200D60E11 /* icecreamview.swift in Sources */,
				CE80352A2EE6DDBC002E2F28 /* injector.swift in Sources */,
				CEB099872EEFF94300ADD428 /* icecreamcomprepository.swift in Sources */,
			);
			runOnlyForDeploymentPostprocessing = 0;
		};
		CE8034FA2EE6D241002E2F28 /* Sources */ = {
			isa = PBXSourcesBuildPhase;
			buildActionMask = 2147483647;
			files = (
				CE8035032EE6D241002E2F28 /* IceCreamTests.swift in Sources */,
			);
			runOnlyForDeploymentPostprocessing = 0;
		};
		CE8035042EE6D241002E2F28 /* Sources */ = {
			isa = PBXSourcesBuildPhase;
			buildActionMask = 2147483647;
			files = (
				CE80350F2EE6D241002E2F28 /* IceCreamUITestsLaunchTests.swift in Sources */,
				CE80350D2EE6D241002E2F28 /* IceCreamUITests.swift in Sources */,
			);
			runOnlyForDeploymentPostprocessing = 0;
		};
/* End PBXSourcesBuildPhase section */

/* Begin PBXTargetDependency section */
		CE8035002EE6D241002E2F28 /* PBXTargetDependency */ = {
			isa = PBXTargetDependency;
			target = CE8034ED2EE6D240002E2F28 /* IceCream */;
			targetProxy = CE8034FF2EE6D241002E2F28 /* PBXContainerItemProxy */;
		};
		CE80350A2EE6D241002E2F28 /* PBXTargetDependency */ = {
			isa = PBXTargetDependency;
			target = CE8034ED2EE6D240002E2F28 /* IceCream */;
			targetProxy = CE8035092EE6D241002E2F28 /* PBXContainerItemProxy */;
		};
/* End PBXTargetDependency section */

/* Begin XCBuildConfiguration section */
		CE8035102EE6D241002E2F28 /* Debug */ = {
			isa = XCBuildConfiguration;
			buildSettings = {
				ALWAYS_SEARCH_USER_PATHS = NO;
				ASSETCATALOG_COMPILER_GENERATE_SWIFT_ASSET_SYMBOL_EXTENSIONS = YES;
				CLANG_ANALYZER_NONNULL = YES;
				CLANG_ANALYZER_NUMBER_OBJECT_CONVERSION = YES_AGGRESSIVE;
				CLANG_CXX_LANGUAGE_STANDARD = "gnu++20";
				CLANG_ENABLE_MODULES = YES;
				CLANG_ENABLE_OBJC_ARC = YES;
				CLANG_ENABLE_OBJC_WEAK = YES;
				CLANG_WARN_BLOCK_CAPTURE_AUTORELEASING = YES;
				CLANG_WARN_BOOL_CONVERSION = YES;
				CLANG_WARN_COMMA = YES;
				CLANG_WARN_CONSTANT_CONVERSION = YES;
				CLANG_WARN_DEPRECATED_OBJC_IMPLEMENTATIONS = YES;
				CLANG_WARN_DIRECT_OBJC_ISA_USAGE = YES_ERROR;
				CLANG_WARN_DOCUMENTATION_COMMENTS = YES;
				CLANG_WARN_EMPTY_BODY = YES;
				CLANG_WARN_ENUM_CONVERSION = YES;
				CLANG_WARN_INFINITE_RECURSION = YES;
				CLANG_WARN_INT_CONVERSION = YES;
				CLANG_WARN_NON_LITERAL_NULL_CONVERSION = YES;
				CLANG_WARN_OBJC_IMPLICIT_RETAIN_SELF = YES;
				CLANG_WARN_OBJC_LITERAL_CONVERSION = YES;
				CLANG_WARN_OBJC_ROOT_CLASS = YES_ERROR;
				CLANG_WARN_QUOTED_INCLUDE_IN_FRAMEWORK_HEADER = YES;
				CLANG_WARN_RANGE_LOOP_ANALYSIS = YES;
				CLANG_WARN_STRICT_PROTOTYPES = YES;
				CLANG_WARN_SUSPICIOUS_MOVE = YES;
				CLANG_WARN_UNGUARDED_AVAILABILITY = YES_AGGRESSIVE;
				CLANG_WARN_UNREACHABLE_CODE = YES;
				CLANG_WARN__DUPLICATE_METHOD_MATCH = YES;
				COPY_PHASE_STRIP = NO;
				DEBUG_INFORMATION_FORMAT = dwarf;
				ENABLE_STRICT_OBJC_MSGSEND = YES;
				ENABLE_TESTABILITY = YES;
				ENABLE_USER_SCRIPT_SANDBOXING = YES;
				GCC_C_LANGUAGE_STANDARD = gnu17;
				GCC_DYNAMIC_NO_PIC = NO;
				GCC_NO_COMMON_BLOCKS = YES;
				GCC_OPTIMIZATION_LEVEL = 0;
				GCC_PREPROCESSOR_DEFINITIONS = (
					"DEBUG=1",
					"$(inherited)",
				);
				GCC_WARN_64_TO_32_BIT_CONVERSION = YES;
				GCC_WARN_ABOUT_RETURN_TYPE = YES_ERROR;
				GCC_WARN_UNDECLARED_SELECTOR = YES;
				GCC_WARN_UNINITIALIZED_AUTOS = YES_AGGRESSIVE;
				GCC_WARN_UNUSED_FUNCTION = YES;
				GCC_WARN_UNUSED_VARIABLE = YES;
				IPHONEOS_DEPLOYMENT_TARGET = 17.5;
				LOCALIZATION_PREFERS_STRING_CATALOGS = YES;
				MTL_ENABLE_DEBUG_INFO = INCLUDE_SOURCE;
				MTL_FAST_MATH = YES;
				ONLY_ACTIVE_ARCH = YES;
				SDKROOT = iphoneos;
				SWIFT_ACTIVE_COMPILATION_CONDITIONS = "DEBUG $(inherited)";
				SWIFT_OPTIMIZATION_LEVEL = "-Onone";
			};
			name = Debug;
		};
		CE8035112EE6D241002E2F28 /* Release */ = {
			isa = XCBuildConfiguration;
			buildSettings = {
				ALWAYS_SEARCH_USER_PATHS = NO;
				ASSETCATALOG_COMPILER_GENERATE_SWIFT_ASSET_SYMBOL_EXTENSIONS = YES;
				CLANG_ANALYZER_NONNULL = YES;
				CLANG_ANALYZER_NUMBER_OBJECT_CONVERSION = YES_AGGRESSIVE;
				CLANG_CXX_LANGUAGE_STANDARD = "gnu++20";
				CLANG_ENABLE_MODULES = YES;
				CLANG_ENABLE_OBJC_ARC = YES;
				CLANG_ENABLE_OBJC_WEAK = YES;
				CLANG_WARN_BLOCK_CAPTURE_AUTORELEASING = YES;
				CLANG_WARN_BOOL_CONVERSION = YES;
				CLANG_WARN_COMMA = YES;
				CLANG_WARN_CONSTANT_CONVERSION = YES;
				CLANG_WARN_DEPRECATED_OBJC_IMPLEMENTATIONS = YES;
				CLANG_WARN_DIRECT_OBJC_ISA_USAGE = YES_ERROR;
				CLANG_WARN_DOCUMENTATION_COMMENTS = YES;
				CLANG_WARN_EMPTY_BODY = YES;
				CLANG_WARN_ENUM_CONVERSION = YES;
				CLANG_WARN_INFINITE_RECURSION = YES;
				CLANG_WARN_INT_CONVERSION = YES;
				CLANG_WARN_NON_LITERAL_NULL_CONVERSION = YES;
				CLANG_WARN_OBJC_IMPLICIT_RETAIN_SELF = YES;
				CLANG_WARN_OBJC_LITERAL_CONVERSION = YES;
				CLANG_WARN_OBJC_ROOT_CLASS = YES_ERROR;
				CLANG_WARN_QUOTED_INCLUDE_IN_FRAMEWORK_HEADER = YES;
				CLANG_WARN_RANGE_LOOP_ANALYSIS = YES;
				CLANG_WARN_STRICT_PROTOTYPES = YES;
				CLANG_WARN_SUSPICIOUS_MOVE = YES;
				CLANG_WARN_UNGUARDED_AVAILABILITY = YES_AGGRESSIVE;
				CLANG_WARN_UNREACHABLE_CODE = YES;
				CLANG_WARN__DUPLICATE_METHOD_MATCH = YES;
				COPY_PHASE_STRIP = NO;
				DEBUG_INFORMATION_FORMAT = "dwarf-with-dsym";
				ENABLE_NS_ASSERTIONS = NO;
				ENABLE_STRICT_OBJC_MSGSEND = YES;
				ENABLE_USER_SCRIPT_SANDBOXING = YES;
				GCC_C_LANGUAGE_STANDARD = gnu17;
				GCC_NO_COMMON_BLOCKS = YES;
				GCC_WARN_64_TO_32_BIT_CONVERSION = YES;
				GCC_WARN_ABOUT_RETURN_TYPE = YES_ERROR;
				GCC_WARN_UNDECLARED_SELECTOR = YES;
				GCC_WARN_UNINITIALIZED_AUTOS = YES_AGGRESSIVE;
				GCC_WARN_UNUSED_FUNCTION = YES;
				GCC_WARN_UNUSED_VARIABLE = YES;
				IPHONEOS_DEPLOYMENT_TARGET = 17.5;
				LOCALIZATION_PREFERS_STRING_CATALOGS = YES;
				MTL_ENABLE_DEBUG_INFO = NO;
				MTL_FAST_MATH = YES;
				SDKROOT = iphoneos;
				SWIFT_COMPILATION_MODE = wholemodule;
				VALIDATE_PRODUCT = YES;
			};
			name = Release;
		};
		CE8035132EE6D241002E2F28 /* Debug */ = {
			isa = XCBuildConfiguration;
			buildSettings = {
				ASSETCATALOG_COMPILER_APPICON_NAME = AppIcon;
				ASSETCATALOG_COMPILER_GLOBAL_ACCENT_COLOR_NAME = AccentColor;
				CODE_SIGN_STYLE = Automatic;
				CURRENT_PROJECT_VERSION = 1;
				DEVELOPMENT_ASSET_PATHS = "\"IceCream/Preview Content\"";
				ENABLE_PREVIEWS = YES;
				GENERATE_INFOPLIST_FILE = YES;
				INFOPLIST_KEY_UIApplicationSceneManifest_Generation = YES;
				INFOPLIST_KEY_UIApplicationSupportsIndirectInputEvents = YES;
				INFOPLIST_KEY_UILaunchScreen_Generation = YES;
				INFOPLIST_KEY_UISupportedInterfaceOrientations_iPad = "UIInterfaceOrientationPortrait UIInterfaceOrientationPortraitUpsideDown UIInterfaceOrientationLandscapeLeft UIInterfaceOrientationLandscapeRight";
				INFOPLIST_KEY_UISupportedInterfaceOrientations_iPhone = "UIInterfaceOrientationPortrait UIInterfaceOrientationLandscapeLeft UIInterfaceOrientationLandscapeRight";
				LD_RUNPATH_SEARCH_PATHS = (
					"$(inherited)",
					"@executable_path/Frameworks",
				);
				MARKETING_VERSION = 1.0;
				PRODUCT_BUNDLE_IDENTIFIER = fr.urn.mastersime.IceCream;
				PRODUCT_NAME = "$(TARGET_NAME)";
				SWIFT_EMIT_LOC_STRINGS = YES;
				SWIFT_VERSION = 5.0;
				TARGETED_DEVICE_FAMILY = "1,2";
			};
			name = Debug;
		};
		CE8035142EE6D241002E2F28 /* Release */ = {
			isa = XCBuildConfiguration;
			buildSettings = {
				ASSETCATALOG_COMPILER_APPICON_NAME = AppIcon;
				ASSETCATALOG_COMPILER_GLOBAL_ACCENT_COLOR_NAME = AccentColor;
				CODE_SIGN_STYLE = Automatic;
				CURRENT_PROJECT_VERSION = 1;
				DEVELOPMENT_ASSET_PATHS = "\"IceCream/Preview Content\"";
				ENABLE_PREVIEWS = YES;
				GENERATE_INFOPLIST_FILE = YES;
				INFOPLIST_KEY_UIApplicationSceneManifest_Generation = YES;
				INFOPLIST_KEY_UIApplicationSupportsIndirectInputEvents = YES;
				INFOPLIST_KEY_UILaunchScreen_Generation = YES;
				INFOPLIST_KEY_UISupportedInterfaceOrientations_iPad = "UIInterfaceOrientationPortrait UIInterfaceOrientationPortraitUpsideDown UIInterfaceOrientationLandscapeLeft UIInterfaceOrientationLandscapeRight";
				INFOPLIST_KEY_UISupportedInterfaceOrientations_iPhone = "UIInterfaceOrientationPortrait UIInterfaceOrientationLandscapeLeft UIInterfaceOrientationLandscapeRight";
				LD_RUNPATH_SEARCH_PATHS = (
					"$(inherited)",
					"@executable_path/Frameworks",
				);
				MARKETING_VERSION = 1.0;
				PRODUCT_BUNDLE_IDENTIFIER = fr.urn.mastersime.IceCream;
				PRODUCT_NAME = "$(TARGET_NAME)";
				SWIFT_EMIT_LOC_STRINGS = YES;
				SWIFT_VERSION = 5.0;
				TARGETED_DEVICE_FAMILY = "1,2";
			};
			name = Release;
		};
		CE8035162EE6D241002E2F28 /* Debug */ = {
			isa = XCBuildConfiguration;
			buildSettings = {
				ALWAYS_EMBED_SWIFT_STANDARD_LIBRARIES = YES;
				BUNDLE_LOADER = "$(TEST_HOST)";
				CODE_SIGN_STYLE = Automatic;
				CURRENT_PROJECT_VERSION = 1;
				GENERATE_INFOPLIST_FILE = YES;
				IPHONEOS_DEPLOYMENT_TARGET = 17.5;
				MARKETING_VERSION = 1.0;
				PRODUCT_BUNDLE_IDENTIFIER = fr.urn.mastersime.IceCreamTests;
				PRODUCT_NAME = "$(TARGET_NAME)";
				SWIFT_EMIT_LOC_STRINGS = NO;
				SWIFT_VERSION = 5.0;
				TARGETED_DEVICE_FAMILY = "1,2";
				TEST_HOST = "$(BUILT_PRODUCTS_DIR)/IceCream.app/$(BUNDLE_EXECUTABLE_FOLDER_PATH)/IceCream";
			};
			name = Debug;
		};
		CE8035172EE6D241002E2F28 /* Release */ = {
			isa = XCBuildConfiguration;
			buildSettings = {
				ALWAYS_EMBED_SWIFT_STANDARD_LIBRARIES = YES;
				BUNDLE_LOADER = "$(TEST_HOST)";
				CODE_SIGN_STYLE = Automatic;
				CURRENT_PROJECT_VERSION = 1;
				GENERATE_INFOPLIST_FILE = YES;
				IPHONEOS_DEPLOYMENT_TARGET = 17.5;
				MARKETING_VERSION = 1.0;
				PRODUCT_BUNDLE_IDENTIFIER = fr.urn.mastersime.IceCreamTests;
				PRODUCT_NAME = "$(TARGET_NAME)";
				SWIFT_EMIT_LOC_STRINGS = NO;
				SWIFT_VERSION = 5.0;
				TARGETED_DEVICE_FAMILY = "1,2";
				TEST_HOST = "$(BUILT_PRODUCTS_DIR)/IceCream.app/$(BUNDLE_EXECUTABLE_FOLDER_PATH)/IceCream";
			};
			name = Release;
		};
		CE8035192EE6D241002E2F28 /* Debug */ = {
			isa = XCBuildConfiguration;
			buildSettings = {
				ALWAYS_EMBED_SWIFT_STANDARD_LIBRARIES = YES;
				CODE_SIGN_STYLE = Automatic;
				CURRENT_PROJECT_VERSION = 1;
				GENERATE_INFOPLIST_FILE = YES;
				MARKETING_VERSION = 1.0;
				PRODUCT_BUNDLE_IDENTIFIER = fr.urn.mastersime.IceCreamUITests;
				PRODUCT_NAME = "$(TARGET_NAME)";
				SWIFT_EMIT_LOC_STRINGS = NO;
				SWIFT_VERSION = 5.0;
				TARGETED_DEVICE_FAMILY = "1,2";
				TEST_TARGET_NAME = IceCream;
			};
			name = Debug;
		};
		CE80351A2EE6D241002E2F28 /* Release */ = {
			isa = XCBuildConfiguration;
			buildSettings = {
				ALWAYS_EMBED_SWIFT_STANDARD_LIBRARIES = YES;
				CODE_SIGN_STYLE = Automatic;
				CURRENT_PROJECT_VERSION = 1;
				GENERATE_INFOPLIST_FILE = YES;
				MARKETING_VERSION = 1.0;
				PRODUCT_BUNDLE_IDENTIFIER = fr.urn.mastersime.IceCreamUITests;
				PRODUCT_NAME = "$(TARGET_NAME)";
				SWIFT_EMIT_LOC_STRINGS = NO;
				SWIFT_VERSION = 5.0;
				TARGETED_DEVICE_FAMILY = "1,2";
				TEST_TARGET_NAME = IceCream;
			};
			name = Release;
		};
/* End XCBuildConfiguration section */

/* Begin XCConfigurationList section */
		CE8034E92EE6D240002E2F28 /* Build configuration list for PBXProject "IceCream" */ = {
			isa = XCConfigurationList;
			buildConfigurations = (
				CE8035102EE6D241002E2F28 /* Debug */,
				CE8035112EE6D241002E2F28 /* Release */,
			);
			defaultConfigurationIsVisible = 0;
			defaultConfigurationName = Release;
		};
		CE8035122EE6D241002E2F28 /* Build configuration list for PBXNativeTarget "IceCream" */ = {
			isa = XCConfigurationList;
			buildConfigurations = (
				CE8035132EE6D241002E2F28 /* Debug */,
				CE8035142EE6D241002E2F28 /* Release */,
			);
			defaultConfigurationIsVisible = 0;
			defaultConfigurationName = Release;
		};
		CE8035152EE6D241002E2F28 /* Build configuration list for PBXNativeTarget "IceCreamTests" */ = {
			isa = XCConfigurationList;
			buildConfigurations = (
				CE8035162EE6D241002E2F28 /* Debug */,
				CE8035172EE6D241002E2F28 /* Release */,
			);
			defaultConfigurationIsVisible = 0;
			defaultConfigurationName = Release;
		};
		CE8035182EE6D241002E2F28 /* Build configuration list for PBXNativeTarget "IceCreamUITests" */ = {
			isa = XCConfigurationList;
			buildConfigurations = (
				CE8035192EE6D241002E2F28 /* Debug */,
				CE80351A2EE6D241002E2F28 /* Release */,
			);
			defaultConfigurationIsVisible = 0;
			defaultConfigurationName = Release;
		};
/* End XCConfigurationList section */
	};
	rootObject = CE8034E62EE6D240002E2F28 /* Project object */;
}
